
Microsoft Visual Studio Solution File, Format Version 12.00
# Visual Studio 15
Project("{FAE04EC0-301F-11D3-BF4B-00C04F79EFBC}") = "test", "test\test.csproj", "{F1D90ECE-B52F-4352-8332-42484EF84782}"
EndProject
Project("{FAE04EC0-301F-11D3-BF4B-00C04F79EFBC}") = "netcore-api-testing", "api\netcore-api-testing.csproj", "{52F9F712-C637-4D72-8DAD-92E2453F3551}"
EndProject
Global
	GlobalSection(SolutionConfigurationPlatforms) = preSolution
		Debug|Any CPU = Debug|Any CPU
		Release|Any CPU = Release|Any CPU
	EndGlobalSection
	GlobalSection(ProjectConfigurationPlatforms) = postSolution
		{F1D90ECE-B52F-4352-8332-42484EF84782}.Debug|Any CPU.ActiveCfg = Debug|Any CPU
		{F1D90ECE-B52F-4352-8332-42484EF84782}.Debug|Any CPU.Build.0 = Debug|Any CPU
		{F1D90ECE-B52F-4352-8332-42484EF84782}.Release|Any CPU.ActiveCfg = Release|Any CPU
		{F1D90ECE-B52F-4352-8332-42484EF84782}.Release|Any CPU.Build.0 = Release|Any CPU
		{52F9F712-C637-4D72-8DAD-92E2453F3551}.Debug|Any CPU.ActiveCfg = Debug|Any CPU
		{52F9F712-C637-4D72-8DAD-92E2453F3551}.Debug|Any CPU.Build.0 = Debug|Any CPU
		{52F9F712-C637-4D72-8DAD-92E2453F3551}.Release|Any CPU.ActiveCfg = Release|Any CPU
		{52F9F712-C637-4D72-8DAD-92E2453F3551}.Release|Any CPU.Build.0 = Release|Any CPU
	EndGlobalSection
EndGlobal
